
Microsoft Visual Studio Solution File, Format Version 12.00
# Visual Studio Version 17
VisualStudioVersion = 17.7.34024.191
MinimumVisualStudioVersion = 10.0.40219.1
Project("{FAE04EC0-301F-11D3-BF4B-00C04F79EFBC}") = "lab3_1", "lab3_1.csproj", "{17E2A430-9186-486C-9446-80F480485D09}"
EndProject
Global
	GlobalSection(SolutionConfigurationPlatforms) = preSolution
		Debug|Any CPU = Debug|Any CPU
		Release|Any CPU = Release|Any CPU
	EndGlobalSection
	GlobalSection(ProjectConfigurationPlatforms) = postSolution
		{17E2A430-9186-486C-9446-80F480485D09}.Debug|Any CPU.ActiveCfg = Debug|Any CPU
		{17E2A430-9186-486C-9446-80F480485D09}.Debug|Any CPU.Build.0 = Debug|Any CPU
		{17E2A430-9186-486C-9446-80F480485D09}.Release|Any CPU.ActiveCfg = Release|Any CPU
		{17E2A430-9186-486C-9446-80F480485D09}.Release|Any CPU.Build.0 = Release|Any CPU
	EndGlobalSection
	GlobalSection(SolutionProperties) = preSolution
		HideSolutionNode = FALSE
	EndGlobalSection
	GlobalSection(ExtensibilityGlobals) = postSolution
		SolutionGuid = {E23CC704-E5B6-4EB5-8C24-F541C7E29EE0}
	EndGlobalSection
EndGlobal
